// !$*UTF8*$!
{
	archiveVersion = 1;
	classes = {
	};
	objectVersion = 77;
	objects = {

/* Begin PBXBuildFile section */
		045500E917135CF9ED6D160E /* LoginView.swift in Sources */ = {isa = PBXBuildFile; fileRef = CB3B8D8FB1ECDA45FE9ACC57 /* LoginView.swift */; };
		095D13AF163EB2FBF81E44A4 /* PazCharts.swift in Sources */ = {isa = PBXBuildFile; fileRef = C7AB7D082CBCFBF7C089DB6B /* PazCharts.swift */; };
		09EDC02009417BFD3B3FA3BC /* NotificationPrefsView.swift in Sources */ = {isa = PBXBuildFile; fileRef = D33772BE7A618459F8F98DA2 /* NotificationPrefsView.swift */; };
		133044023D8AFC650E9E9FAB /* ProfileViewModel.swift in Sources */ = {isa = PBXBuildFile; fileRef = BDF386921E4FE34F3D834257 /* ProfileViewModel.swift */; };
		14045D80B33A84CAE8070AC7 /* PazTypography.swift in Sources */ = {isa = PBXBuildFile; fileRef = 82E14328F3FC3C44E1C3AC60 /* PazTypography.swift */; };
		16B832FD065C7338B522ABFA /* AppThemeManager.swift in Sources */ = {isa = PBXBuildFile; fileRef = 21EFE728C0EA836F247AB28D /* AppThemeManager.swift */; };
		16FDB9DAAF18AC484D49A084 /* PazPillButtonStyle.swift in Sources */ = {isa = PBXBuildFile; fileRef = 54FA272FF1C57FE575B4E7E0 /* PazPillButtonStyle.swift */; };
		1CB207F6227C85FD1293E3A2 /* Shared.xcframework in Frameworks */ = {isa = PBXBuildFile; fileRef = 9089E1E2EF61D9C3A28227C1 /* Shared.xcframework */; };
		1E73813601B5D626FF99A87A /* FirebaseStorage in Frameworks */ = {isa = PBXBuildFile; productRef = 62F32151BE1564943B93F90E /* FirebaseStorage */; };
		1F3D35E5FF143FC6C08A16BC /* MinistriesView.swift in Sources */ = {isa = PBXBuildFile; fileRef = A10DAE923513B1C91EC22B66 /* MinistriesView.swift */; };
		214CF4956D0B65E1AFA723F8 /* HomeView.swift in Sources */ = {isa = PBXBuildFile; fileRef = A6CF7432C3804DACAD979BE9 /* HomeView.swift */; };
		217CFACC8706FD29156A10AA /* SearchView.swift in Sources */ = {isa = PBXBuildFile; fileRef = 0DDF8FF84082AAD03C474820 /* SearchView.swift */; };
		21E6A6FA6FF1C5D57AB1224E /* PazGoldBadge.swift in Sources */ = {isa = PBXBuildFile; fileRef = 956C0B652EACA4EB866BDD9C /* PazGoldBadge.swift */; };
		21F50B565FBD16CF5729BD56 /* PazColors.swift in Sources */ = {isa = PBXBuildFile; fileRef = 19E3E44DBCB2C6495E5BB60D /* PazColors.swift */; };
		22DDBD8E3BB65560C6406787 /* AgendaListViewModel.swift in Sources */ = {isa = PBXBuildFile; fileRef = 0491D02C62D5E21EE162AEBE /* AgendaListViewModel.swift */; };
		245FBBF5EAF56C06C93568A6 /* AppConfig.swift in Sources */ = {isa = PBXBuildFile; fileRef = B6756FF82393E3C2B725AFCC /* AppConfig.swift */; };
		248E988BE3A3B136BB610D84 /* CourseDetailViewModel.swift in Sources */ = {isa = PBXBuildFile; fileRef = 7829451BC72C8FB824A8A690 /* CourseDetailViewModel.swift */; };
		264EC5A6A5C1DCB55BBB0AA9 /* dm_sans_medium.ttf in Resources */ = {isa = PBXBuildFile; fileRef = 43523C0C1306C6777492969E /* dm_sans_medium.ttf */; };
		2793855F821689FC2DFCA082 /* MainTabView.swift in Sources */ = {isa = PBXBuildFile; fileRef = 79F54E72B01670D1FF11B3CB /* MainTabView.swift */; };
		2BDADC15A7FA399B64EF3840 /* AccountViewModel.swift in Sources */ = {isa = PBXBuildFile; fileRef = FFCF04B5FB518B8BB0F8B54B /* AccountViewModel.swift */; };
		3083EB016EBB1908EFB4E779 /* dm_sans_bold.ttf in Resources */ = {isa = PBXBuildFile; fileRef = 3B09921331A9C0A41304A36A /* dm_sans_bold.ttf */; };
		30F27BB9E2BEAF34B8FD3B89 /* DateFormatting.swift in Sources */ = {isa = PBXBuildFile; fileRef = 3009383DC317C06BE5558E43 /* DateFormatting.swift */; };
		32B8A8B3FD0A30A168DDE7CB /* AgendaListView.swift in Sources */ = {isa = PBXBuildFile; fileRef = 121FA55058E48ADE89F7DCDC /* AgendaListView.swift */; };
		33943BF3AA2F4343BF694389 /* ProfileView.swift in Sources */ = {isa = PBXBuildFile; fileRef = 0DC5A70D94121801DA57AA49 /* ProfileView.swift */; };
		33EF0CFD5FE19AD891DCC3A6 /* AccountView.swift in Sources */ = {isa = PBXBuildFile; fileRef = E70B0D6A12BA7B5BD464CD5A /* AccountView.swift */; };
		34BFB4E117CC6670CA688F73 /* FormSubmissionsListView.swift in Sources */ = {isa = PBXBuildFile; fileRef = 11AEC91450BA581754E1B481 /* FormSubmissionsListView.swift */; };
		36011969A58624733978F622 /* LifeGroupAttendanceEditorView.swift in Sources */ = {isa = PBXBuildFile; fileRef = 61BBF8A887B712967D20287B /* LifeGroupAttendanceEditorView.swift */; };
		372C31E22C76E58FF5E8FB83 /* PazSpacing.swift in Sources */ = {isa = PBXBuildFile; fileRef = 98DB539009594DE7611D25AA /* PazSpacing.swift */; };
		391121609552AED4FF2FC082 /* PushNotificationService.swift in Sources */ = {isa = PBXBuildFile; fileRef = 5AD2DBF8ABF3E564BDA14950 /* PushNotificationService.swift */; };
		3A40345A216427C276DD32B7 /* FirebaseMessaging in Frameworks */ = {isa = PBXBuildFile; productRef = D4D3763343A64715B4360CF2 /* FirebaseMessaging */; };
		3A439216FAD2F3A2CF7AF768 /* LifeGroupAttendanceHistoryView.swift in Sources */ = {isa = PBXBuildFile; fileRef = 0A7A4980751653555A6CA24D /* LifeGroupAttendanceHistoryView.swift */; };
		3CE51AC613425F8FDCAD49FB /* AcademyViewModel.swift in Sources */ = {isa = PBXBuildFile; fileRef = BF28DC87154DE4489A6243FF /* AcademyViewModel.swift */; };
		3D84D9AFE377A15FCE617E1F /* LifeGroupPickerSheet.swift in Sources */ = {isa = PBXBuildFile; fileRef = 7AFB55A91C150979581DAE45 /* LifeGroupPickerSheet.swift */; };
		3E295F7FDD74E8D83905B305 /* SectorPickerSheet.swift in Sources */ = {isa = PBXBuildFile; fileRef = BD370DAA15EFA1156F789914 /* SectorPickerSheet.swift */; };
		429D2B565A6E0D84CFA6593F /* GoogleService-Info.plist.example in Resources */ = {isa = PBXBuildFile; fileRef = 5900F5B7787156E2B26162A9 /* GoogleService-Info.plist.example */; };
		4A82A695C9D2A71805FA21F2 /* EditProfileView.swift in Sources */ = {isa = PBXBuildFile; fileRef = EA7936BCA1C57C580876AD98 /* EditProfileView.swift */; };
		4A9B2AFC286D23CD3BEA6FD0 /* CasaDePazStatCards.swift in Sources */ = {isa = PBXBuildFile; fileRef = 9A70B291514738E9322A75BF /* CasaDePazStatCards.swift */; };
		514B9718357844DF83FA3171 /* CasaDePazSubmissionsView.swift in Sources */ = {isa = PBXBuildFile; fileRef = B334D6F59293FC45EE9E6BC0 /* CasaDePazSubmissionsView.swift */; };
		5171876776DB984B0FC857E5 /* GoogleSignIn in Frameworks */ = {isa = PBXBuildFile; productRef = 2D74D60AD3C0597184B72C20 /* GoogleSignIn */; };
		52095A3054AD258F46DBE6CF /* CasaDePazCharts.swift in Sources */ = {isa = PBXBuildFile; fileRef = 99E4AA6B550A4CDAEFB83A5F /* CasaDePazCharts.swift */; };
		593CDA3798BC8A2C8A5A4BF8 /* QuestionnaireView.swift in Sources */ = {isa = PBXBuildFile; fileRef = 38C8C61A6074F8094F36146E /* QuestionnaireView.swift */; };
		59CA01257938C71435415ABE /* CertificatesViewModel.swift in Sources */ = {isa = PBXBuildFile; fileRef = 5F0FB3B1EB376B17132F9FA2 /* CertificatesViewModel.swift */; };
		5B2B7669BFE226EBCE026CA6 /* CertificatesView.swift in Sources */ = {isa = PBXBuildFile; fileRef = 0C140852B1438F871918EB6D /* CertificatesView.swift */; };
		643DD272E3E5374F92A3FEA9 /* Shared.xcframework in Embed Frameworks */ = {isa = PBXBuildFile; fileRef = 9089E1E2EF61D9C3A28227C1 /* Shared.xcframework */; settings = {ATTRIBUTES = (CodeSignOnCopy, RemoveHeadersOnCopy, ); }; };
		65323BAB5459A81F682BE7B1 /* EditProfileViewModel.swift in Sources */ = {isa = PBXBuildFile; fileRef = 667C5328F0D1720F48DB35B2 /* EditProfileViewModel.swift */; };
		65BD6B55FF25446AC29997D2 /* LifeGroupManageView.swift in Sources */ = {isa = PBXBuildFile; fileRef = 9CFDDAAC64560191F60AE952 /* LifeGroupManageView.swift */; };
		6AC1D3FAE126D76B239C5D48 /* FormFieldDefs.swift in Sources */ = {isa = PBXBuildFile; fileRef = 5B51C64F53D18957F80B0D96 /* FormFieldDefs.swift */; };
		6D217BB3230C36B8D247FDE9 /* DeepLinkViews.swift in Sources */ = {isa = PBXBuildFile; fileRef = ED7FC2DFCBCEC5F849235F0C /* DeepLinkViews.swift */; };
		6D6B04D0664285834955DF7E /* Assets.xcassets in Resources */ = {isa = PBXBuildFile; fileRef = 79C75FF4BA56BB550DD04506 /* Assets.xcassets */; };
		70DAD55A2FE80FA469085F75 /* LifeGroupStudyListView.swift in Sources */ = {isa = PBXBuildFile; fileRef = 00E58EA57FC0F3018961378F /* LifeGroupStudyListView.swift */; };
		71ABCCDA3D92687839B11506 /* FormDetailView.swift in Sources */ = {isa = PBXBuildFile; fileRef = 7C3499C673982AA1C0FA8EA5 /* FormDetailView.swift */; };
		7299DFC19F36C6241FABA1C9 /* LifeGroupStudyEditorView.swift in Sources */ = {isa = PBXBuildFile; fileRef = FF38BCC6E4E462431FED6BFB /* LifeGroupStudyEditorView.swift */; };
		79E078FB98E409C2ED6D2FFB /* PazMeshBackground.swift in Sources */ = {isa = PBXBuildFile; fileRef = BE04531C680EFE7961677C01 /* PazMeshBackground.swift */; };
		81241EF8344367972B2409AF /* HomeViewModel.swift in Sources */ = {isa = PBXBuildFile; fileRef = C0E0ECD6F71C3A9C1F38E441 /* HomeViewModel.swift */; };
		841A418263A65AA0B6FDC65C /* LifeGroupsMapView.swift in Sources */ = {isa = PBXBuildFile; fileRef = A5F29167AE0FBA90438E386F /* LifeGroupsMapView.swift */; };
		8696DCD7837887595806B611 /* SkeletonView.swift in Sources */ = {isa = PBXBuildFile; fileRef = 36DB133997051B82A7D0D38D /* SkeletonView.swift */; };
		8BBB7655494EE2891298CD78 /* PazPillChip.swift in Sources */ = {isa = PBXBuildFile; fileRef = F62DDEA0026352360D73E873 /* PazPillChip.swift */; };
		8CED05A41A291F12C62B6836 /* OnboardingView.swift in Sources */ = {isa = PBXBuildFile; fileRef = 2E82BF64ABC060C59D814EBA /* OnboardingView.swift */; };
		8D8430332E05F42EED9AD97A /* LifeGroupAnalyticsViewModel.swift in Sources */ = {isa = PBXBuildFile; fileRef = A1CD6337A2A4FD69B304F33C /* LifeGroupAnalyticsViewModel.swift */; };
		8F38AE17F7E00C2819DDAE9F /* CasaDePazLessonDetailView.swift in Sources */ = {isa = PBXBuildFile; fileRef = ADB1B6A6945AD2405ED7AEFF /* CasaDePazLessonDetailView.swift */; };
		9531A2BAD6ADBC340F6DD4DD /* OnboardingCoordinator.swift in Sources */ = {isa = PBXBuildFile; fileRef = B554E6B77B5313AFF3EEAD09 /* OnboardingCoordinator.swift */; };
		96BF8A72553894BA74F6934B /* PazIconContainer.swift in Sources */ = {isa = PBXBuildFile; fileRef = CAC853F6E892CF7A2AE4283F /* PazIconContainer.swift */; };
		9713458591D4950B97EE77BA /* CasaDePazCyclePickerSheet.swift in Sources */ = {isa = PBXBuildFile; fileRef = 19BCE06C2D7FAA81524F09DE /* CasaDePazCyclePickerSheet.swift */; };
		9B35B93C7F743C40EC9D2013 /* GlassCard.swift in Sources */ = {isa = PBXBuildFile; fileRef = 2792E4E00D06402A139D1665 /* GlassCard.swift */; };
		9B9A6148AFFD0C8167085DD0 /* MinistryDetailView.swift in Sources */ = {isa = PBXBuildFile; fileRef = EDD6B4FBC968ED037D73EAA9 /* MinistryDetailView.swift */; };
		9FC7139DF9C1E4F65329A028 /* CourseDetailView.swift in Sources */ = {isa = PBXBuildFile; fileRef = 8A47D9B2BCAEA98860B58CF7 /* CourseDetailView.swift */; };
		A0CCE565617A81DD9C6404A9 /* FirebaseAuth in Frameworks */ = {isa = PBXBuildFile; productRef = F04B442417CCD3B5A58BC0DF /* FirebaseAuth */; };
		A1DD2AC7CAB0A0304F69AA98 /* LifeGroupStudyDetailView.swift in Sources */ = {isa = PBXBuildFile; fileRef = F7C1B1E186EEC6A2736CFBA9 /* LifeGroupStudyDetailView.swift */; };
		A3BC32CA15C40B172DC54DF8 /* MinistryManageView.swift in Sources */ = {isa = PBXBuildFile; fileRef = E26C4C9D1BDF91892972FE27 /* MinistryManageView.swift */; };
		A6A324E081B9ECFCDDA55B20 /* LifeGroupAttendanceViewModels.swift in Sources */ = {isa = PBXBuildFile; fileRef = A0AED721D9C3F11A210BEFE7 /* LifeGroupAttendanceViewModels.swift */; };
		A882169C3987D03873848621 /* CasaDePazAnalyticsViewModel.swift in Sources */ = {isa = PBXBuildFile; fileRef = 55EE9DE213ACF28C74E15157 /* CasaDePazAnalyticsViewModel.swift */; };
		A98EE8C9CC199B26F49D75EB /* AgendaDetailView.swift in Sources */ = {isa = PBXBuildFile; fileRef = BE4B8D8AE9B398AA3A77DA29 /* AgendaDetailView.swift */; };
		AA41B490FC6E88A04E144BD3 /* LifeGroupStudyViewModels.swift in Sources */ = {isa = PBXBuildFile; fileRef = 468BD9A5B9CE5FFC54DF7CC0 /* LifeGroupStudyViewModels.swift */; };
		AAAF2E1B88EE9F9B1FAA5BC7 /* SuccessStateView.swift in Sources */ = {isa = PBXBuildFile; fileRef = 8E1AAFC2AB540CB8A4697D76 /* SuccessStateView.swift */; };
		B1755FA9565F9D4D98A3167A /* GoogleService-Info.plist in Resources */ = {isa = PBXBuildFile; fileRef = FA678CF8F2462F7530E49E46 /* GoogleService-Info.plist */; };
		B4FC0579C2B5583942712E28 /* DeepLinkDestination.swift in Sources */ = {isa = PBXBuildFile; fileRef = E732114B3963933049EFF4A1 /* DeepLinkDestination.swift */; };
		B5B65D4F983C72258C0E78E7 /* AcademyView.swift in Sources */ = {isa = PBXBuildFile; fileRef = CA39212501DAA7DB14BFE730 /* AcademyView.swift */; };
		BB6D5DE39E2D2E8DD57930C2 /* FormFieldRow.swift in Sources */ = {isa = PBXBuildFile; fileRef = 51E3689D243F95178E26E682 /* FormFieldRow.swift */; };
		BBAB718D008BF385951D549E /* PazStatCard.swift in Sources */ = {isa = PBXBuildFile; fileRef = 117CD9D81AE8526E2FA4B0A7 /* PazStatCard.swift */; };
		BD43CF5C610E8BD9C3A31889 /* QuestionnaireViewModel.swift in Sources */ = {isa = PBXBuildFile; fileRef = 670BD0FE9AF308947192BCCD /* QuestionnaireViewModel.swift */; };
		BD6852735FDBC471DA8AC835 /* LifeGroupsView.swift in Sources */ = {isa = PBXBuildFile; fileRef = 234779E01AE25F665C7BB9EB /* LifeGroupsView.swift */; };
		BDFEB77ACA79918920040484 /* FormulariosView.swift in Sources */ = {isa = PBXBuildFile; fileRef = 1A78FBD0E12C138DD1D1835C /* FormulariosView.swift */; };
		BE870E73E9E5B0DD60510DB7 /* GatedYouTubePlayerView.swift in Sources */ = {isa = PBXBuildFile; fileRef = 1235A4B8BC89050828199B43 /* GatedYouTubePlayerView.swift */; };
		C144F3BA85753AE6A686AFD0 /* GlassBlurBackground.swift in Sources */ = {isa = PBXBuildFile; fileRef = 6FBE9259B746D236383598F3 /* GlassBlurBackground.swift */; };
		C726B4A3686B02098E88F5CF /* UserPickerSheet.swift in Sources */ = {isa = PBXBuildFile; fileRef = B85B3442F48DE8B02EE0E4CB /* UserPickerSheet.swift */; };
		C757D390C5E4180A712A0B2B /* VideoPlayerView.swift in Sources */ = {isa = PBXBuildFile; fileRef = B8C88BC5232CB7969D98834F /* VideoPlayerView.swift */; };
		C7F4DED13EAFD33AA1F32FD2 /* PazBarChartView.swift in Sources */ = {isa = PBXBuildFile; fileRef = BBCE19448504F4CCC200983D /* PazBarChartView.swift */; };
		C81CB606C64CB0B6AA3D8743 /* KeychainService.swift in Sources */ = {isa = PBXBuildFile; fileRef = C737DAE09240790962AA668E /* KeychainService.swift */; };
		CED3F9128F6B92DF5DA8B565 /* FormStepView.swift in Sources */ = {isa = PBXBuildFile; fileRef = 2019A7167B120D6FEB1A5E7B /* FormStepView.swift */; };
		D30F409FE86E40DA408524CB /* dm_sans_semibold.ttf in Resources */ = {isa = PBXBuildFile; fileRef = 637873C380E73CE0CA8DEA87 /* dm_sans_semibold.ttf */; };
		D801CBE1B82319E0DA01E3CF /* MemberJourneyView.swift in Sources */ = {isa = PBXBuildFile; fileRef = BACF273449137A8036EAB8D4 /* MemberJourneyView.swift */; };
		D9EDA323E8F4F684C92AC609 /* CasaDePazLessonsViewModels.swift in Sources */ = {isa = PBXBuildFile; fileRef = 63D7E8FC70A1FEC35EA0D419 /* CasaDePazLessonsViewModels.swift */; };
		DA3D9622A5DD25011AA5D4BF /* playfair_display_extrabold.ttf in Resources */ = {isa = PBXBuildFile; fileRef = EF907E68FA85FA69FAE6B591 /* playfair_display_extrabold.ttf */; };
		DA87CEF6CCA95AD6C572640F /* MarkdownBodyView.swift in Sources */ = {isa = PBXBuildFile; fileRef = CFC5B8B6E66286582CCC1CFA /* MarkdownBodyView.swift */; };
		DBED4836D8DD1B07E3FBB55E /* PazChurchApp.swift in Sources */ = {isa = PBXBuildFile; fileRef = E8ED14052DB30DEC694C772C /* PazChurchApp.swift */; };
		DD355395C1DDEC6848A616DE /* PazMaterial.swift in Sources */ = {isa = PBXBuildFile; fileRef = 57FD6DC40B6A7E3C8C56FD20 /* PazMaterial.swift */; };
		E111D004E3CD35D07B1252C8 /* AuthenticationCoordinator.swift in Sources */ = {isa = PBXBuildFile; fileRef = BB0E4F5F057D2C920865C94F /* AuthenticationCoordinator.swift */; };
		E1410C3996707FD9EE3B84C5 /* ShareSheet.swift in Sources */ = {isa = PBXBuildFile; fileRef = D52E9AA381B5524BF375AF56 /* ShareSheet.swift */; };
		E14AB35C85A65F0E85EBBD68 /* ErrorStateView.swift in Sources */ = {isa = PBXBuildFile; fileRef = E20CF68CE0958124973A70BA /* ErrorStateView.swift */; };
		E190A056BE4865FE452D5735 /* CasaDePazLessonsView.swift in Sources */ = {isa = PBXBuildFile; fileRef = 18FB511E4D840081FD61266D /* CasaDePazLessonsView.swift */; };
		E5E4F215F16D5A592885DDBD /* LifeGroupAnalyticsView.swift in Sources */ = {isa = PBXBuildFile; fileRef = 05A1D0B28C097FED3187839E /* LifeGroupAnalyticsView.swift */; };
		F16C5E3B1FFA34FE5BA06943 /* CasaDePazAnalyticsView.swift in Sources */ = {isa = PBXBuildFile; fileRef = 112A275F2799289F69B2259C /* CasaDePazAnalyticsView.swift */; };
		F44D2FA2EA14E8B29A866F25 /* AppDelegate.swift in Sources */ = {isa = PBXBuildFile; fileRef = F8BEE46E84E5D0C0BE0786C7 /* AppDelegate.swift */; };
		FB37D56C092A3708470ACE46 /* dm_sans_regular.ttf in Resources */ = {isa = PBXBuildFile; fileRef = D664B1D68AD1FA25AAA7C11C /* dm_sans_regular.ttf */; };
		FB53C426B3DC5069915B79F2 /* Kingfisher in Frameworks */ = {isa = PBXBuildFile; productRef = 14D3154CD353A1E73ECC271B /* Kingfisher */; };
		FC25AD7E5C5415AF9A38444E /* playfair_display_bold.ttf in Resources */ = {isa = PBXBuildFile; fileRef = 5D9FDF575DB1EE5816EA7BD6 /* playfair_display_bold.ttf */; };
/* End PBXBuildFile section */

/* Begin PBXCopyFilesBuildPhase section */
		3F9487BF285D9B82C639F63B /* Embed Frameworks */ = {
			isa = PBXCopyFilesBuildPhase;
			buildActionMask = 2147483647;
			dstPath = "";
			dstSubfolderSpec = 10;
			files = (
				643DD272E3E5374F92A3FEA9 /* Shared.xcframework in Embed Frameworks */,
			);
			name = "Embed Frameworks";
			runOnlyForDeploymentPostprocessing = 0;
		};
/* End PBXCopyFilesBuildPhase section */

/* Begin PBXFileReference section */
		00E58EA57FC0F3018961378F /* LifeGroupStudyListView.swift */ = {isa = PBXFileReference; lastKnownFileType = sourcecode.swift; path = LifeGroupStudyListView.swift; sourceTree = "<group>"; };
		01FFDF96B4BA2F02238FEF09 /* PazChurch.app */ = {isa = PBXFileReference; includeInIndex = 0; lastKnownFileType = wrapper.application; path = PazChurch.app; sourceTree = BUILT_PRODUCTS_DIR; };
		0491D02C62D5E21EE162AEBE /* AgendaListViewModel.swift */ = {isa = PBXFileReference; lastKnownFileType = sourcecode.swift; path = AgendaListViewModel.swift; sourceTree = "<group>"; };
		05A1D0B28C097FED3187839E /* LifeGroupAnalyticsView.swift */ = {isa = PBXFileReference; lastKnownFileType = sourcecode.swift; path = LifeGroupAnalyticsView.swift; sourceTree = "<group>"; };
		0A7A4980751653555A6CA24D /* LifeGroupAttendanceHistoryView.swift */ = {isa = PBXFileReference; lastKnownFileType = sourcecode.swift; path = LifeGroupAttendanceHistoryView.swift; sourceTree = "<group>"; };
		0C140852B1438F871918EB6D /* CertificatesView.swift */ = {isa = PBXFileReference; lastKnownFileType = sourcecode.swift; path = CertificatesView.swift; sourceTree = "<group>"; };
		0DC5A70D94121801DA57AA49 /* ProfileView.swift */ = {isa = PBXFileReference; lastKnownFileType = sourcecode.swift; path = ProfileView.swift; sourceTree = "<group>"; };
		0DDF8FF84082AAD03C474820 /* SearchView.swift */ = {isa = PBXFileReference; lastKnownFileType = sourcecode.swift; path = SearchView.swift; sourceTree = "<group>"; };
		112A275F2799289F69B2259C /* CasaDePazAnalyticsView.swift */ = {isa = PBXFileReference; lastKnownFileType = sourcecode.swift; path = CasaDePazAnalyticsView.swift; sourceTree = "<group>"; };
		117CD9D81AE8526E2FA4B0A7 /* PazStatCard.swift */ = {isa = PBXFileReference; lastKnownFileType = sourcecode.swift; path = PazStatCard.swift; sourceTree = "<group>"; };
		11AEC91450BA581754E1B481 /* FormSubmissionsListView.swift */ = {isa = PBXFileReference; lastKnownFileType = sourcecode.swift; path = FormSubmissionsListView.swift; sourceTree = "<group>"; };
		121FA55058E48ADE89F7DCDC /* AgendaListView.swift */ = {isa = PBXFileReference; lastKnownFileType = sourcecode.swift; path = AgendaListView.swift; sourceTree = "<group>"; };
		1235A4B8BC89050828199B43 /* GatedYouTubePlayerView.swift */ = {isa = PBXFileReference; lastKnownFileType = sourcecode.swift; path = GatedYouTubePlayerView.swift; sourceTree = "<group>"; };
		18FB511E4D840081FD61266D /* CasaDePazLessonsView.swift */ = {isa = PBXFileReference; lastKnownFileType = sourcecode.swift; path = CasaDePazLessonsView.swift; sourceTree = "<group>"; };
		19BCE06C2D7FAA81524F09DE /* CasaDePazCyclePickerSheet.swift */ = {isa = PBXFileReference; lastKnownFileType = sourcecode.swift; path = CasaDePazCyclePickerSheet.swift; sourceTree = "<group>"; };
		19E3E44DBCB2C6495E5BB60D /* PazColors.swift */ = {isa = PBXFileReference; lastKnownFileType = sourcecode.swift; path = PazColors.swift; sourceTree = "<group>"; };
		1A78FBD0E12C138DD1D1835C /* FormulariosView.swift */ = {isa = PBXFileReference; lastKnownFileType = sourcecode.swift; path = FormulariosView.swift; sourceTree = "<group>"; };
		2019A7167B120D6FEB1A5E7B /* FormStepView.swift */ = {isa = PBXFileReference; lastKnownFileType = sourcecode.swift; path = FormStepView.swift; sourceTree = "<group>"; };
		21EFE728C0EA836F247AB28D /* AppThemeManager.swift */ = {isa = PBXFileReference; lastKnownFileType = sourcecode.swift; path = AppThemeManager.swift; sourceTree = "<group>"; };
		22597D6E893E60A78DA0327F /* Info.plist */ = {isa = PBXFileReference; lastKnownFileType = text.plist; path = Info.plist; sourceTree = "<group>"; };
		234779E01AE25F665C7BB9EB /* LifeGroupsView.swift */ = {isa = PBXFileReference; lastKnownFileType = sourcecode.swift; path = LifeGroupsView.swift; sourceTree = "<group>"; };
		2792E4E00D06402A139D1665 /* GlassCard.swift */ = {isa = PBXFileReference; lastKnownFileType = sourcecode.swift; path = GlassCard.swift; sourceTree = "<group>"; };
		2E82BF64ABC060C59D814EBA /* OnboardingView.swift */ = {isa = PBXFileReference; lastKnownFileType = sourcecode.swift; path = OnboardingView.swift; sourceTree = "<group>"; };
		3009383DC317C06BE5558E43 /* DateFormatting.swift */ = {isa = PBXFileReference; lastKnownFileType = sourcecode.swift; path = DateFormatting.swift; sourceTree = "<group>"; };
		36DB133997051B82A7D0D38D /* SkeletonView.swift */ = {isa = PBXFileReference; lastKnownFileType = sourcecode.swift; path = SkeletonView.swift; sourceTree = "<group>"; };
		38C8C61A6074F8094F36146E /* QuestionnaireView.swift */ = {isa = PBXFileReference; lastKnownFileType = sourcecode.swift; path = QuestionnaireView.swift; sourceTree = "<group>"; };
		3B09921331A9C0A41304A36A /* dm_sans_bold.ttf */ = {isa = PBXFileReference; lastKnownFileType = file; path = dm_sans_bold.ttf; sourceTree = "<group>"; };
		43523C0C1306C6777492969E /* dm_sans_medium.ttf */ = {isa = PBXFileReference; lastKnownFileType = file; path = dm_sans_medium.ttf; sourceTree = "<group>"; };
		468BD9A5B9CE5FFC54DF7CC0 /* LifeGroupStudyViewModels.swift */ = {isa = PBXFileReference; lastKnownFileType = sourcecode.swift; path = LifeGroupStudyViewModels.swift; sourceTree = "<group>"; };
		51E3689D243F95178E26E682 /* FormFieldRow.swift */ = {isa = PBXFileReference; lastKnownFileType = sourcecode.swift; path = FormFieldRow.swift; sourceTree = "<group>"; };
		54FA272FF1C57FE575B4E7E0 /* PazPillButtonStyle.swift */ = {isa = PBXFileReference; lastKnownFileType = sourcecode.swift; path = PazPillButtonStyle.swift; sourceTree = "<group>"; };
		55EE9DE213ACF28C74E15157 /* CasaDePazAnalyticsViewModel.swift */ = {isa = PBXFileReference; lastKnownFileType = sourcecode.swift; path = CasaDePazAnalyticsViewModel.swift; sourceTree = "<group>"; };
		57FD6DC40B6A7E3C8C56FD20 /* PazMaterial.swift */ = {isa = PBXFileReference; lastKnownFileType = sourcecode.swift; path = PazMaterial.swift; sourceTree = "<group>"; };
		5900F5B7787156E2B26162A9 /* GoogleService-Info.plist.example */ = {isa = PBXFileReference; path = "GoogleService-Info.plist.example"; sourceTree = "<group>"; };
		5AD2DBF8ABF3E564BDA14950 /* PushNotificationService.swift */ = {isa = PBXFileReference; lastKnownFileType = sourcecode.swift; path = PushNotificationService.swift; sourceTree = "<group>"; };
		5B51C64F53D18957F80B0D96 /* FormFieldDefs.swift */ = {isa = PBXFileReference; lastKnownFileType = sourcecode.swift; path = FormFieldDefs.swift; sourceTree = "<group>"; };
		5D9FDF575DB1EE5816EA7BD6 /* playfair_display_bold.ttf */ = {isa = PBXFileReference; lastKnownFileType = file; path = playfair_display_bold.ttf; sourceTree = "<group>"; };
		5F0FB3B1EB376B17132F9FA2 /* CertificatesViewModel.swift */ = {isa = PBXFileReference; lastKnownFileType = sourcecode.swift; path = CertificatesViewModel.swift; sourceTree = "<group>"; };
		61BBF8A887B712967D20287B /* LifeGroupAttendanceEditorView.swift */ = {isa = PBXFileReference; lastKnownFileType = sourcecode.swift; path = LifeGroupAttendanceEditorView.swift; sourceTree = "<group>"; };
		637873C380E73CE0CA8DEA87 /* dm_sans_semibold.ttf */ = {isa = PBXFileReference; lastKnownFileType = file; path = dm_sans_semibold.ttf; sourceTree = "<group>"; };
		63D7E8FC70A1FEC35EA0D419 /* CasaDePazLessonsViewModels.swift */ = {isa = PBXFileReference; lastKnownFileType = sourcecode.swift; path = CasaDePazLessonsViewModels.swift; sourceTree = "<group>"; };
		667C5328F0D1720F48DB35B2 /* EditProfileViewModel.swift */ = {isa = PBXFileReference; lastKnownFileType = sourcecode.swift; path = EditProfileViewModel.swift; sourceTree = "<group>"; };
		670BD0FE9AF308947192BCCD /* QuestionnaireViewModel.swift */ = {isa = PBXFileReference; lastKnownFileType = sourcecode.swift; path = QuestionnaireViewModel.swift; sourceTree = "<group>"; };
		6FBE9259B746D236383598F3 /* GlassBlurBackground.swift */ = {isa = PBXFileReference; lastKnownFileType = sourcecode.swift; path = GlassBlurBackground.swift; sourceTree = "<group>"; };
		7829451BC72C8FB824A8A690 /* CourseDetailViewModel.swift */ = {isa = PBXFileReference; lastKnownFileType = sourcecode.swift; path = CourseDetailViewModel.swift; sourceTree = "<group>"; };
		79C75FF4BA56BB550DD04506 /* Assets.xcassets */ = {isa = PBXFileReference; lastKnownFileType = folder.assetcatalog; path = Assets.xcassets; sourceTree = "<group>"; };
		79F54E72B01670D1FF11B3CB /* MainTabView.swift */ = {isa = PBXFileReference; lastKnownFileType = sourcecode.swift; path = MainTabView.swift; sourceTree = "<group>"; };
		7AFB55A91C150979581DAE45 /* LifeGroupPickerSheet.swift */ = {isa = PBXFileReference; lastKnownFileType = sourcecode.swift; path = LifeGroupPickerSheet.swift; sourceTree = "<group>"; };
		7C3499C673982AA1C0FA8EA5 /* FormDetailView.swift */ = {isa = PBXFileReference; lastKnownFileType = sourcecode.swift; path = FormDetailView.swift; sourceTree = "<group>"; };
		82E14328F3FC3C44E1C3AC60 /* PazTypography.swift */ = {isa = PBXFileReference; lastKnownFileType = sourcecode.swift; path = PazTypography.swift; sourceTree = "<group>"; };
		8A47D9B2BCAEA98860B58CF7 /* CourseDetailView.swift */ = {isa = PBXFileReference; lastKnownFileType = sourcecode.swift; path = CourseDetailView.swift; sourceTree = "<group>"; };
		8E1AAFC2AB540CB8A4697D76 /* SuccessStateView.swift */ = {isa = PBXFileReference; lastKnownFileType = sourcecode.swift; path = SuccessStateView.swift; sourceTree = "<group>"; };
		9089E1E2EF61D9C3A28227C1 /* Shared.xcframework */ = {isa = PBXFileReference; lastKnownFileType = wrapper.xcframework; name = Shared.xcframework; path = ../shared/build/XCFrameworks/debug/Shared.xcframework; sourceTree = "<group>"; };
		956C0B652EACA4EB866BDD9C /* PazGoldBadge.swift */ = {isa = PBXFileReference; lastKnownFileType = sourcecode.swift; path = PazGoldBadge.swift; sourceTree = "<group>"; };
		98DB539009594DE7611D25AA /* PazSpacing.swift */ = {isa = PBXFileReference; lastKnownFileType = sourcecode.swift; path = PazSpacing.swift; sourceTree = "<group>"; };
		99E4AA6B550A4CDAEFB83A5F /* CasaDePazCharts.swift */ = {isa = PBXFileReference; lastKnownFileType = sourcecode.swift; path = CasaDePazCharts.swift; sourceTree = "<group>"; };
		9A70B291514738E9322A75BF /* CasaDePazStatCards.swift */ = {isa = PBXFileReference; lastKnownFileType = sourcecode.swift; path = CasaDePazStatCards.swift; sourceTree = "<group>"; };
		9CFDDAAC64560191F60AE952 /* LifeGroupManageView.swift */ = {isa = PBXFileReference; lastKnownFileType = sourcecode.swift; path = LifeGroupManageView.swift; sourceTree = "<group>"; };
		A0AED721D9C3F11A210BEFE7 /* LifeGroupAttendanceViewModels.swift */ = {isa = PBXFileReference; lastKnownFileType = sourcecode.swift; path = LifeGroupAttendanceViewModels.swift; sourceTree = "<group>"; };
		A10DAE923513B1C91EC22B66 /* MinistriesView.swift */ = {isa = PBXFileReference; lastKnownFileType = sourcecode.swift; path = MinistriesView.swift; sourceTree = "<group>"; };
		A1CD6337A2A4FD69B304F33C /* LifeGroupAnalyticsViewModel.swift */ = {isa = PBXFileReference; lastKnownFileType = sourcecode.swift; path = LifeGroupAnalyticsViewModel.swift; sourceTree = "<group>"; };
		A5F29167AE0FBA90438E386F /* LifeGroupsMapView.swift */ = {isa = PBXFileReference; lastKnownFileType = sourcecode.swift; path = LifeGroupsMapView.swift; sourceTree = "<group>"; };
		A6CF7432C3804DACAD979BE9 /* HomeView.swift */ = {isa = PBXFileReference; lastKnownFileType = sourcecode.swift; path = HomeView.swift; sourceTree = "<group>"; };
		ADB1B6A6945AD2405ED7AEFF /* CasaDePazLessonDetailView.swift */ = {isa = PBXFileReference; lastKnownFileType = sourcecode.swift; path = CasaDePazLessonDetailView.swift; sourceTree = "<group>"; };
		B334D6F59293FC45EE9E6BC0 /* CasaDePazSubmissionsView.swift */ = {isa = PBXFileReference; lastKnownFileType = sourcecode.swift; path = CasaDePazSubmissionsView.swift; sourceTree = "<group>"; };
		B554E6B77B5313AFF3EEAD09 /* OnboardingCoordinator.swift */ = {isa = PBXFileReference; lastKnownFileType = sourcecode.swift; path = OnboardingCoordinator.swift; sourceTree = "<group>"; };
		B6756FF82393E3C2B725AFCC /* AppConfig.swift */ = {isa = PBXFileReference; lastKnownFileType = sourcecode.swift; path = AppConfig.swift; sourceTree = "<group>"; };
		B85B3442F48DE8B02EE0E4CB /* UserPickerSheet.swift */ = {isa = PBXFileReference; lastKnownFileType = sourcecode.swift; path = UserPickerSheet.swift; sourceTree = "<group>"; };
		B8C88BC5232CB7969D98834F /* VideoPlayerView.swift */ = {isa = PBXFileReference; lastKnownFileType = sourcecode.swift; path = VideoPlayerView.swift; sourceTree = "<group>"; };
		B8DBE4246EB16A5334D999BD /* PazChurch.entitlements */ = {isa = PBXFileReference; lastKnownFileType = text.plist.entitlements; path = PazChurch.entitlements; sourceTree = "<group>"; };
		BACF273449137A8036EAB8D4 /* MemberJourneyView.swift */ = {isa = PBXFileReference; lastKnownFileType = sourcecode.swift; path = MemberJourneyView.swift; sourceTree = "<group>"; };
		BB0E4F5F057D2C920865C94F /* AuthenticationCoordinator.swift */ = {isa = PBXFileReference; lastKnownFileType = sourcecode.swift; path = AuthenticationCoordinator.swift; sourceTree = "<group>"; };
		BBCE19448504F4CCC200983D /* PazBarChartView.swift */ = {isa = PBXFileReference; lastKnownFileType = sourcecode.swift; path = PazBarChartView.swift; sourceTree = "<group>"; };
		BD370DAA15EFA1156F789914 /* SectorPickerSheet.swift */ = {isa = PBXFileReference; lastKnownFileType = sourcecode.swift; path = SectorPickerSheet.swift; sourceTree = "<group>"; };
		BDF386921E4FE34F3D834257 /* ProfileViewModel.swift */ = {isa = PBXFileReference; lastKnownFileType = sourcecode.swift; path = ProfileViewModel.swift; sourceTree = "<group>"; };
		BE04531C680EFE7961677C01 /* PazMeshBackground.swift */ = {isa = PBXFileReference; lastKnownFileType = sourcecode.swift; path = PazMeshBackground.swift; sourceTree = "<group>"; };
		BE4B8D8AE9B398AA3A77DA29 /* AgendaDetailView.swift */ = {isa = PBXFileReference; lastKnownFileType = sourcecode.swift; path = AgendaDetailView.swift; sourceTree = "<group>"; };
		BF28DC87154DE4489A6243FF /* AcademyViewModel.swift */ = {isa = PBXFileReference; lastKnownFileType = sourcecode.swift; path = AcademyViewModel.swift; sourceTree = "<group>"; };
		C0E0ECD6F71C3A9C1F38E441 /* HomeViewModel.swift */ = {isa = PBXFileReference; lastKnownFileType = sourcecode.swift; path = HomeViewModel.swift; sourceTree = "<group>"; };
		C17045607DC26FCE562F336A /* PazChurch-Release.entitlements */ = {isa = PBXFileReference; lastKnownFileType = text.plist.entitlements; path = "PazChurch-Release.entitlements"; sourceTree = "<group>"; };
		C737DAE09240790962AA668E /* KeychainService.swift */ = {isa = PBXFileReference; lastKnownFileType = sourcecode.swift; path = KeychainService.swift; sourceTree = "<group>"; };
		C7AB7D082CBCFBF7C089DB6B /* PazCharts.swift */ = {isa = PBXFileReference; lastKnownFileType = sourcecode.swift; path = PazCharts.swift; sourceTree = "<group>"; };
		CA39212501DAA7DB14BFE730 /* AcademyView.swift */ = {isa = PBXFileReference; lastKnownFileType = sourcecode.swift; path = AcademyView.swift; sourceTree = "<group>"; };
		CAC853F6E892CF7A2AE4283F /* PazIconContainer.swift */ = {isa = PBXFileReference; lastKnownFileType = sourcecode.swift; path = PazIconContainer.swift; sourceTree = "<group>"; };
		CB3B8D8FB1ECDA45FE9ACC57 /* LoginView.swift */ = {isa = PBXFileReference; lastKnownFileType = sourcecode.swift; path = LoginView.swift; sourceTree = "<group>"; };
		CFC5B8B6E66286582CCC1CFA /* MarkdownBodyView.swift */ = {isa = PBXFileReference; lastKnownFileType = sourcecode.swift; path = MarkdownBodyView.swift; sourceTree = "<group>"; };
		D33772BE7A618459F8F98DA2 /* NotificationPrefsView.swift */ = {isa = PBXFileReference; lastKnownFileType = sourcecode.swift; path = NotificationPrefsView.swift; sourceTree = "<group>"; };
		D52E9AA381B5524BF375AF56 /* ShareSheet.swift */ = {isa = PBXFileReference; lastKnownFileType = sourcecode.swift; path = ShareSheet.swift; sourceTree = "<group>"; };
		D664B1D68AD1FA25AAA7C11C /* dm_sans_regular.ttf */ = {isa = PBXFileReference; lastKnownFileType = file; path = dm_sans_regular.ttf; sourceTree = "<group>"; };
		E20CF68CE0958124973A70BA /* ErrorStateView.swift */ = {isa = PBXFileReference; lastKnownFileType = sourcecode.swift; path = ErrorStateView.swift; sourceTree = "<group>"; };
		E26C4C9D1BDF91892972FE27 /* MinistryManageView.swift */ = {isa = PBXFileReference; lastKnownFileType = sourcecode.swift; path = MinistryManageView.swift; sourceTree = "<group>"; };
		E70B0D6A12BA7B5BD464CD5A /* AccountView.swift */ = {isa = PBXFileReference; lastKnownFileType = sourcecode.swift; path = AccountView.swift; sourceTree = "<group>"; };
		E732114B3963933049EFF4A1 /* DeepLinkDestination.swift */ = {isa = PBXFileReference; lastKnownFileType = sourcecode.swift; path = DeepLinkDestination.swift; sourceTree = "<group>"; };
		E8ED14052DB30DEC694C772C /* PazChurchApp.swift */ = {isa = PBXFileReference; lastKnownFileType = sourcecode.swift; path = PazChurchApp.swift; sourceTree = "<group>"; };
		EA7936BCA1C57C580876AD98 /* EditProfileView.swift */ = {isa = PBXFileReference; lastKnownFileType = sourcecode.swift; path = EditProfileView.swift; sourceTree = "<group>"; };
		ED7FC2DFCBCEC5F849235F0C /* DeepLinkViews.swift */ = {isa = PBXFileReference; lastKnownFileType = sourcecode.swift; path = DeepLinkViews.swift; sourceTree = "<group>"; };
		EDD6B4FBC968ED037D73EAA9 /* MinistryDetailView.swift */ = {isa = PBXFileReference; lastKnownFileType = sourcecode.swift; path = MinistryDetailView.swift; sourceTree = "<group>"; };
		EF907E68FA85FA69FAE6B591 /* playfair_display_extrabold.ttf */ = {isa = PBXFileReference; lastKnownFileType = file; path = playfair_display_extrabold.ttf; sourceTree = "<group>"; };
		F62DDEA0026352360D73E873 /* PazPillChip.swift */ = {isa = PBXFileReference; lastKnownFileType = sourcecode.swift; path = PazPillChip.swift; sourceTree = "<group>"; };
		F7C1B1E186EEC6A2736CFBA9 /* LifeGroupStudyDetailView.swift */ = {isa = PBXFileReference; lastKnownFileType = sourcecode.swift; path = LifeGroupStudyDetailView.swift; sourceTree = "<group>"; };
		F8BEE46E84E5D0C0BE0786C7 /* AppDelegate.swift */ = {isa = PBXFileReference; lastKnownFileType = sourcecode.swift; path = AppDelegate.swift; sourceTree = "<group>"; };
		FA678CF8F2462F7530E49E46 /* GoogleService-Info.plist */ = {isa = PBXFileReference; lastKnownFileType = text.plist; path = "GoogleService-Info.plist"; sourceTree = "<group>"; };
		FF38BCC6E4E462431FED6BFB /* LifeGroupStudyEditorView.swift */ = {isa = PBXFileReference; lastKnownFileType = sourcecode.swift; path = LifeGroupStudyEditorView.swift; sourceTree = "<group>"; };
		FFCF04B5FB518B8BB0F8B54B /* AccountViewModel.swift */ = {isa = PBXFileReference; lastKnownFileType = sourcecode.swift; path = AccountViewModel.swift; sourceTree = "<group>"; };
/* End PBXFileReference section */

/* Begin PBXFrameworksBuildPhase section */
		737B7C8AC20FA22ED56820CB /* Frameworks */ = {
			isa = PBXFrameworksBuildPhase;
			buildActionMask = 2147483647;
			files = (
				1CB207F6227C85FD1293E3A2 /* Shared.xcframework in Frameworks */,
				A0CCE565617A81DD9C6404A9 /* FirebaseAuth in Frameworks */,
				3A40345A216427C276DD32B7 /* FirebaseMessaging in Frameworks */,
				1E73813601B5D626FF99A87A /* FirebaseStorage in Frameworks */,
				5171876776DB984B0FC857E5 /* GoogleSignIn in Frameworks */,
				FB53C426B3DC5069915B79F2 /* Kingfisher in Frameworks */,
			);
			runOnlyForDeploymentPostprocessing = 0;
		};
/* End PBXFrameworksBuildPhase section */

/* Begin PBXGroup section */
		0E08E2571AD28D4B6DAFCFC6 /* Formularios */ = {
			isa = PBXGroup;
			children = (
				19BCE06C2D7FAA81524F09DE /* CasaDePazCyclePickerSheet.swift */,
				B334D6F59293FC45EE9E6BC0 /* CasaDePazSubmissionsView.swift */,
				7C3499C673982AA1C0FA8EA5 /* FormDetailView.swift */,
				5B51C64F53D18957F80B0D96 /* FormFieldDefs.swift */,
				51E3689D243F95178E26E682 /* FormFieldRow.swift */,
				2019A7167B120D6FEB1A5E7B /* FormStepView.swift */,
				11AEC91450BA581754E1B481 /* FormSubmissionsListView.swift */,
				1A78FBD0E12C138DD1D1835C /* FormulariosView.swift */,
				7AFB55A91C150979581DAE45 /* LifeGroupPickerSheet.swift */,
				BD370DAA15EFA1156F789914 /* SectorPickerSheet.swift */,
				B85B3442F48DE8B02EE0E4CB /* UserPickerSheet.swift */,
			);
			path = Formularios;
			sourceTree = "<group>";
		};
		10D780A48948B8909422C178 /* CasaDePazLessons */ = {
			isa = PBXGroup;
			children = (
				ADB1B6A6945AD2405ED7AEFF /* CasaDePazLessonDetailView.swift */,
				18FB511E4D840081FD61266D /* CasaDePazLessonsView.swift */,
				63D7E8FC70A1FEC35EA0D419 /* CasaDePazLessonsViewModels.swift */,
			);
			path = CasaDePazLessons;
			sourceTree = "<group>";
		};
		1BC6EACBFB5AD78E6BB372DE /* Services */ = {
			isa = PBXGroup;
			children = (
				21EFE728C0EA836F247AB28D /* AppThemeManager.swift */,
				BB0E4F5F057D2C920865C94F /* AuthenticationCoordinator.swift */,
				C737DAE09240790962AA668E /* KeychainService.swift */,
				5AD2DBF8ABF3E564BDA14950 /* PushNotificationService.swift */,
			);
			path = Services;
			sourceTree = "<group>";
		};
		23196830AA51B065E0E4FD74 /* Resources */ = {
			isa = PBXGroup;
			children = (
				79C75FF4BA56BB550DD04506 /* Assets.xcassets */,
				63F22B10D4982203D9EB8222 /* Fonts */,
			);
			path = Resources;
			sourceTree = "<group>";
		};
		232E2758FAD3E289DC1738AC /* Frameworks */ = {
			isa = PBXGroup;
			children = (
				9089E1E2EF61D9C3A28227C1 /* Shared.xcframework */,
			);
			name = Frameworks;
			sourceTree = "<group>";
		};
		23C7D2740D252722209A1DB5 /* Notifications */ = {
			isa = PBXGroup;
			children = (
				D33772BE7A618459F8F98DA2 /* NotificationPrefsView.swift */,
			);
			path = Notifications;
			sourceTree = "<group>";
		};
		31E49572560B21B7A113C48B /* Features */ = {
			isa = PBXGroup;
			children = (
				AC68C8AEEDCEA37529826AD3 /* Academy */,
				320612EAAB361ACCD4FF1E93 /* Account */,
				C2F87C2FD639BBECB403D28F /* Agenda */,
				CDB19A2D2D5B6981617D8234 /* Auth */,
				A4C62A9DADA43415DE1C4BC4 /* CasaDePazAnalytics */,
				10D780A48948B8909422C178 /* CasaDePazLessons */,
				0E08E2571AD28D4B6DAFCFC6 /* Formularios */,
				9583323C0C4D778E6E30C67E /* Home */,
				4572C86A42A72B7ABC777BAE /* LifeGroupAnalytics */,
				80CCBF76E3B5369901F0DAC9 /* LifeGroupAttendance */,
				7AC12741EED7CF558368863F /* LifeGroupStudy */,
				F1CD9530F50CB5214AE5DF32 /* MemberJourney */,
				36D27ED148027B3DCC6FD3CF /* Ministries */,
				23C7D2740D252722209A1DB5 /* Notifications */,
				D803C345A209B17B4B6A0EDE /* Onboarding */,
				D693032B5B8C44453E934096 /* Profile */,
				E4B1DED23E50E129CCA71F73 /* Search */,
			);
			path = Features;
			sourceTree = "<group>";
		};
		320612EAAB361ACCD4FF1E93 /* Account */ = {
			isa = PBXGroup;
			children = (
				E70B0D6A12BA7B5BD464CD5A /* AccountView.swift */,
				FFCF04B5FB518B8BB0F8B54B /* AccountViewModel.swift */,
			);
			path = Account;
			sourceTree = "<group>";
		};
		36D27ED148027B3DCC6FD3CF /* Ministries */ = {
			isa = PBXGroup;
			children = (
				9CFDDAAC64560191F60AE952 /* LifeGroupManageView.swift */,
				A5F29167AE0FBA90438E386F /* LifeGroupsMapView.swift */,
				234779E01AE25F665C7BB9EB /* LifeGroupsView.swift */,
				A10DAE923513B1C91EC22B66 /* MinistriesView.swift */,
				EDD6B4FBC968ED037D73EAA9 /* MinistryDetailView.swift */,
				E26C4C9D1BDF91892972FE27 /* MinistryManageView.swift */,
			);
			path = Ministries;
			sourceTree = "<group>";
		};
		4572C86A42A72B7ABC777BAE /* LifeGroupAnalytics */ = {
			isa = PBXGroup;
			children = (
				05A1D0B28C097FED3187839E /* LifeGroupAnalyticsView.swift */,
				A1CD6337A2A4FD69B304F33C /* LifeGroupAnalyticsViewModel.swift */,
				BBCE19448504F4CCC200983D /* PazBarChartView.swift */,
			);
			path = LifeGroupAnalytics;
			sourceTree = "<group>";
		};
		5830433A030E9A21D325B7F8 /* Theme */ = {
			isa = PBXGroup;
			children = (
				19E3E44DBCB2C6495E5BB60D /* PazColors.swift */,
				57FD6DC40B6A7E3C8C56FD20 /* PazMaterial.swift */,
				98DB539009594DE7611D25AA /* PazSpacing.swift */,
				82E14328F3FC3C44E1C3AC60 /* PazTypography.swift */,
			);
			path = Theme;
			sourceTree = "<group>";
		};
		63F22B10D4982203D9EB8222 /* Fonts */ = {
			isa = PBXGroup;
			children = (
				3B09921331A9C0A41304A36A /* dm_sans_bold.ttf */,
				43523C0C1306C6777492969E /* dm_sans_medium.ttf */,
				D664B1D68AD1FA25AAA7C11C /* dm_sans_regular.ttf */,
				637873C380E73CE0CA8DEA87 /* dm_sans_semibold.ttf */,
				5D9FDF575DB1EE5816EA7BD6 /* playfair_display_bold.ttf */,
				EF907E68FA85FA69FAE6B591 /* playfair_display_extrabold.ttf */,
			);
			path = Fonts;
			sourceTree = "<group>";
		};
		6A3874DF13A8A30F5D645BEA /* Components */ = {
			isa = PBXGroup;
			children = (
				E20CF68CE0958124973A70BA /* ErrorStateView.swift */,
				6FBE9259B746D236383598F3 /* GlassBlurBackground.swift */,
				2792E4E00D06402A139D1665 /* GlassCard.swift */,
				CFC5B8B6E66286582CCC1CFA /* MarkdownBodyView.swift */,
				C7AB7D082CBCFBF7C089DB6B /* PazCharts.swift */,
				956C0B652EACA4EB866BDD9C /* PazGoldBadge.swift */,
				CAC853F6E892CF7A2AE4283F /* PazIconContainer.swift */,
				BE04531C680EFE7961677C01 /* PazMeshBackground.swift */,
				54FA272FF1C57FE575B4E7E0 /* PazPillButtonStyle.swift */,
				F62DDEA0026352360D73E873 /* PazPillChip.swift */,
				117CD9D81AE8526E2FA4B0A7 /* PazStatCard.swift */,
				D52E9AA381B5524BF375AF56 /* ShareSheet.swift */,
				36DB133997051B82A7D0D38D /* SkeletonView.swift */,
				8E1AAFC2AB540CB8A4697D76 /* SuccessStateView.swift */,
			);
			path = Components;
			sourceTree = "<group>";
		};
		7096A0159D24C4D44279E9D4 /* Products */ = {
			isa = PBXGroup;
			children = (
				01FFDF96B4BA2F02238FEF09 /* PazChurch.app */,
			);
			name = Products;
			sourceTree = "<group>";
		};
		7AC12741EED7CF558368863F /* LifeGroupStudy */ = {
			isa = PBXGroup;
			children = (
				F7C1B1E186EEC6A2736CFBA9 /* LifeGroupStudyDetailView.swift */,
				FF38BCC6E4E462431FED6BFB /* LifeGroupStudyEditorView.swift */,
				00E58EA57FC0F3018961378F /* LifeGroupStudyListView.swift */,
				468BD9A5B9CE5FFC54DF7CC0 /* LifeGroupStudyViewModels.swift */,
			);
			path = LifeGroupStudy;
			sourceTree = "<group>";
		};
		80CCBF76E3B5369901F0DAC9 /* LifeGroupAttendance */ = {
			isa = PBXGroup;
			children = (
				61BBF8A887B712967D20287B /* LifeGroupAttendanceEditorView.swift */,
				0A7A4980751653555A6CA24D /* LifeGroupAttendanceHistoryView.swift */,
				A0AED721D9C3F11A210BEFE7 /* LifeGroupAttendanceViewModels.swift */,
			);
			path = LifeGroupAttendance;
			sourceTree = "<group>";
		};
		8101B69056A184DB1D1724D1 /* Navigation */ = {
			isa = PBXGroup;
			children = (
				E732114B3963933049EFF4A1 /* DeepLinkDestination.swift */,
				ED7FC2DFCBCEC5F849235F0C /* DeepLinkViews.swift */,
				79F54E72B01670D1FF11B3CB /* MainTabView.swift */,
			);
			path = Navigation;
			sourceTree = "<group>";
		};
		8FA0C43D5BB3067FA722E1E9 /* Configuration */ = {
			isa = PBXGroup;
			children = (
				B6756FF82393E3C2B725AFCC /* AppConfig.swift */,
			);
			path = Configuration;
			sourceTree = "<group>";
		};
		9583323C0C4D778E6E30C67E /* Home */ = {
			isa = PBXGroup;
			children = (
				A6CF7432C3804DACAD979BE9 /* HomeView.swift */,
				C0E0ECD6F71C3A9C1F38E441 /* HomeViewModel.swift */,
			);
			path = Home;
			sourceTree = "<group>";
		};
		995666A61B2CA7EECD01D183 = {
			isa = PBXGroup;
			children = (
				A589190334D84B23AA98DE82 /* PazChurch */,
				232E2758FAD3E289DC1738AC /* Frameworks */,
				7096A0159D24C4D44279E9D4 /* Products */,
			);
			sourceTree = "<group>";
		};
		A4C62A9DADA43415DE1C4BC4 /* CasaDePazAnalytics */ = {
			isa = PBXGroup;
			children = (
				112A275F2799289F69B2259C /* CasaDePazAnalyticsView.swift */,
				55EE9DE213ACF28C74E15157 /* CasaDePazAnalyticsViewModel.swift */,
				99E4AA6B550A4CDAEFB83A5F /* CasaDePazCharts.swift */,
				9A70B291514738E9322A75BF /* CasaDePazStatCards.swift */,
			);
			path = CasaDePazAnalytics;
			sourceTree = "<group>";
		};
		A589190334D84B23AA98DE82 /* PazChurch */ = {
			isa = PBXGroup;
			children = (
				F8BEE46E84E5D0C0BE0786C7 /* AppDelegate.swift */,
				FA678CF8F2462F7530E49E46 /* GoogleService-Info.plist */,
				5900F5B7787156E2B26162A9 /* GoogleService-Info.plist.example */,
				22597D6E893E60A78DA0327F /* Info.plist */,
				C17045607DC26FCE562F336A /* PazChurch-Release.entitlements */,
				B8DBE4246EB16A5334D999BD /* PazChurch.entitlements */,
				E8ED14052DB30DEC694C772C /* PazChurchApp.swift */,
				6A3874DF13A8A30F5D645BEA /* Components */,
				8FA0C43D5BB3067FA722E1E9 /* Configuration */,
				E2D08B96CAA481EA75EAA3E3 /* Extensions */,
				31E49572560B21B7A113C48B /* Features */,
				8101B69056A184DB1D1724D1 /* Navigation */,
				23196830AA51B065E0E4FD74 /* Resources */,
				1BC6EACBFB5AD78E6BB372DE /* Services */,
				5830433A030E9A21D325B7F8 /* Theme */,
			);
			path = PazChurch;
			sourceTree = "<group>";
		};
		AC68C8AEEDCEA37529826AD3 /* Academy */ = {
			isa = PBXGroup;
			children = (
				CA39212501DAA7DB14BFE730 /* AcademyView.swift */,
				BF28DC87154DE4489A6243FF /* AcademyViewModel.swift */,
				0C140852B1438F871918EB6D /* CertificatesView.swift */,
				5F0FB3B1EB376B17132F9FA2 /* CertificatesViewModel.swift */,
				8A47D9B2BCAEA98860B58CF7 /* CourseDetailView.swift */,
				7829451BC72C8FB824A8A690 /* CourseDetailViewModel.swift */,
				1235A4B8BC89050828199B43 /* GatedYouTubePlayerView.swift */,
				38C8C61A6074F8094F36146E /* QuestionnaireView.swift */,
				670BD0FE9AF308947192BCCD /* QuestionnaireViewModel.swift */,
				B8C88BC5232CB7969D98834F /* VideoPlayerView.swift */,
			);
			path = Academy;
			sourceTree = "<group>";
		};
		C2F87C2FD639BBECB403D28F /* Agenda */ = {
			isa = PBXGroup;
			children = (
				BE4B8D8AE9B398AA3A77DA29 /* AgendaDetailView.swift */,
				121FA55058E48ADE89F7DCDC /* AgendaListView.swift */,
				0491D02C62D5E21EE162AEBE /* AgendaListViewModel.swift */,
			);
			path = Agenda;
			sourceTree = "<group>";
		};
		CDB19A2D2D5B6981617D8234 /* Auth */ = {
			isa = PBXGroup;
			children = (
				CB3B8D8FB1ECDA45FE9ACC57 /* LoginView.swift */,
			);
			path = Auth;
			sourceTree = "<group>";
		};
		D693032B5B8C44453E934096 /* Profile */ = {
			isa = PBXGroup;
			children = (
				EA7936BCA1C57C580876AD98 /* EditProfileView.swift */,
				667C5328F0D1720F48DB35B2 /* EditProfileViewModel.swift */,
				0DC5A70D94121801DA57AA49 /* ProfileView.swift */,
				BDF386921E4FE34F3D834257 /* ProfileViewModel.swift */,
			);
			path = Profile;
			sourceTree = "<group>";
		};
		D803C345A209B17B4B6A0EDE /* Onboarding */ = {
			isa = PBXGroup;
			children = (
				B554E6B77B5313AFF3EEAD09 /* OnboardingCoordinator.swift */,
				2E82BF64ABC060C59D814EBA /* OnboardingView.swift */,
			);
			path = Onboarding;
			sourceTree = "<group>";
		};
		E2D08B96CAA481EA75EAA3E3 /* Extensions */ = {
			isa = PBXGroup;
			children = (
				3009383DC317C06BE5558E43 /* DateFormatting.swift */,
			);
			path = Extensions;
			sourceTree = "<group>";
		};
		E4B1DED23E50E129CCA71F73 /* Search */ = {
			isa = PBXGroup;
			children = (
				0DDF8FF84082AAD03C474820 /* SearchView.swift */,
			);
			path = Search;
			sourceTree = "<group>";
		};
		F1CD9530F50CB5214AE5DF32 /* MemberJourney */ = {
			isa = PBXGroup;
			children = (
				BACF273449137A8036EAB8D4 /* MemberJourneyView.swift */,
			);
			path = MemberJourney;
			sourceTree = "<group>";
		};
/* End PBXGroup section */

/* Begin PBXNativeTarget section */
		32AE5640F622679E9E0DC963 /* PazChurch */ = {
			isa = PBXNativeTarget;
			buildConfigurationList = 3A66BAF3DCC455810F578938 /* Build configuration list for PBXNativeTarget "PazChurch" */;
			buildPhases = (
				44D78CAB95F706BD3813378B /* Build KMP Shared Framework */,
				1B2FEC52C527E6448DA9F8D0 /* Sources */,
				176C140CBBC5C70D99FB4A4F /* Resources */,
				737B7C8AC20FA22ED56820CB /* Frameworks */,
				3F9487BF285D9B82C639F63B /* Embed Frameworks */,
			);
			buildRules = (
			);
			dependencies = (
			);
			name = PazChurch;
			packageProductDependencies = (
				F04B442417CCD3B5A58BC0DF /* FirebaseAuth */,
				D4D3763343A64715B4360CF2 /* FirebaseMessaging */,
				62F32151BE1564943B93F90E /* FirebaseStorage */,
				2D74D60AD3C0597184B72C20 /* GoogleSignIn */,
				14D3154CD353A1E73ECC271B /* Kingfisher */,
			);
			productName = PazChurch;
			productReference = 01FFDF96B4BA2F02238FEF09 /* PazChurch.app */;
			productType = "com.apple.product-type.application";
		};
/* End PBXNativeTarget section */

/* Begin PBXProject section */
		BF7B52D93DA3C4D2D43D125E /* Project object */ = {
			isa = PBXProject;
			attributes = {
				BuildIndependentTargetsInParallel = YES;
				LastUpgradeCheck = 1500;
				TargetAttributes = {
					32AE5640F622679E9E0DC963 = {
						DevelopmentTeam = NMCA95DPCN;
					};
				};
			};
			buildConfigurationList = 05835A55E63AE570B1F113BF /* Build configuration list for PBXProject "PazChurch" */;
			compatibilityVersion = "Xcode 14.0";
			developmentRegion = en;
			hasScannedForEncodings = 0;
			knownRegions = (
				Base,
				en,
			);
			mainGroup = 995666A61B2CA7EECD01D183;
			minimizedProjectReferenceProxies = 1;
			packageReferences = (
				1FE66062384A01E6B73D3198 /* XCRemoteSwiftPackageReference "firebase-ios-sdk" */,
				4BF6352E4A89663882C292AC /* XCRemoteSwiftPackageReference "GoogleSignIn-iOS" */,
				96EB51DB675FF756632E0F01 /* XCRemoteSwiftPackageReference "Kingfisher" */,
			);
			preferredProjectObjectVersion = 77;
			projectDirPath = "";
			projectRoot = "";
			targets = (
				32AE5640F622679E9E0DC963 /* PazChurch */,
			);
		};
/* End PBXProject section */

/* Begin PBXResourcesBuildPhase section */
		176C140CBBC5C70D99FB4A4F /* Resources */ = {
			isa = PBXResourcesBuildPhase;
			buildActionMask = 2147483647;
			files = (
				6D6B04D0664285834955DF7E /* Assets.xcassets in Resources */,
				B1755FA9565F9D4D98A3167A /* GoogleService-Info.plist in Resources */,
				429D2B565A6E0D84CFA6593F /* GoogleService-Info.plist.example in Resources */,
				3083EB016EBB1908EFB4E779 /* dm_sans_bold.ttf in Resources */,
				264EC5A6A5C1DCB55BBB0AA9 /* dm_sans_medium.ttf in Resources */,
				FB37D56C092A3708470ACE46 /* dm_sans_regular.ttf in Resources */,
				D30F409FE86E40DA408524CB /* dm_sans_semibold.ttf in Resources */,
				FC25AD7E5C5415AF9A38444E /* playfair_display_bold.ttf in Resources */,
				DA3D9622A5DD25011AA5D4BF /* playfair_display_extrabold.ttf in Resources */,
			);
			runOnlyForDeploymentPostprocessing = 0;
		};
/* End PBXResourcesBuildPhase section */

/* Begin PBXShellScriptBuildPhase section */
		44D78CAB95F706BD3813378B /* Build KMP Shared Framework */ = {
			isa = PBXShellScriptBuildPhase;
			alwaysOutOfDate = 1;
			buildActionMask = 2147483647;
			files = (
			);
			inputFileListPaths = (
			);
			inputPaths = (
			);
			name = "Build KMP Shared Framework";
			outputFileListPaths = (
			);
			outputPaths = (
			);
			runOnlyForDeploymentPostprocessing = 0;
			shellPath = /bin/sh;
			shellScript = "cd \"$SRCROOT/..\"\n./gradlew :shared:assembleSharedXCFramework\n";
		};
/* End PBXShellScriptBuildPhase section */

/* Begin PBXSourcesBuildPhase section */
		1B2FEC52C527E6448DA9F8D0 /* Sources */ = {
			isa = PBXSourcesBuildPhase;
			buildActionMask = 2147483647;
			files = (
				B5B65D4F983C72258C0E78E7 /* AcademyView.swift in Sources */,
				3CE51AC613425F8FDCAD49FB /* AcademyViewModel.swift in Sources */,
				33EF0CFD5FE19AD891DCC3A6 /* AccountView.swift in Sources */,
				2BDADC15A7FA399B64EF3840 /* AccountViewModel.swift in Sources */,
				A98EE8C9CC199B26F49D75EB /* AgendaDetailView.swift in Sources */,
				32B8A8B3FD0A30A168DDE7CB /* AgendaListView.swift in Sources */,
				22DDBD8E3BB65560C6406787 /* AgendaListViewModel.swift in Sources */,
				245FBBF5EAF56C06C93568A6 /* AppConfig.swift in Sources */,
				F44D2FA2EA14E8B29A866F25 /* AppDelegate.swift in Sources */,
				16B832FD065C7338B522ABFA /* AppThemeManager.swift in Sources */,
				E111D004E3CD35D07B1252C8 /* AuthenticationCoordinator.swift in Sources */,
				F16C5E3B1FFA34FE5BA06943 /* CasaDePazAnalyticsView.swift in Sources */,
				A882169C3987D03873848621 /* CasaDePazAnalyticsViewModel.swift in Sources */,
				52095A3054AD258F46DBE6CF /* CasaDePazCharts.swift in Sources */,
				9713458591D4950B97EE77BA /* CasaDePazCyclePickerSheet.swift in Sources */,
				8F38AE17F7E00C2819DDAE9F /* CasaDePazLessonDetailView.swift in Sources */,
				E190A056BE4865FE452D5735 /* CasaDePazLessonsView.swift in Sources */,
				D9EDA323E8F4F684C92AC609 /* CasaDePazLessonsViewModels.swift in Sources */,
				4A9B2AFC286D23CD3BEA6FD0 /* CasaDePazStatCards.swift in Sources */,
				514B9718357844DF83FA3171 /* CasaDePazSubmissionsView.swift in Sources */,
				5B2B7669BFE226EBCE026CA6 /* CertificatesView.swift in Sources */,
				59CA01257938C71435415ABE /* CertificatesViewModel.swift in Sources */,
				9FC7139DF9C1E4F65329A028 /* CourseDetailView.swift in Sources */,
				248E988BE3A3B136BB610D84 /* CourseDetailViewModel.swift in Sources */,
				30F27BB9E2BEAF34B8FD3B89 /* DateFormatting.swift in Sources */,
				B4FC0579C2B5583942712E28 /* DeepLinkDestination.swift in Sources */,
				6D217BB3230C36B8D247FDE9 /* DeepLinkViews.swift in Sources */,
				4A82A695C9D2A71805FA21F2 /* EditProfileView.swift in Sources */,
				65323BAB5459A81F682BE7B1 /* EditProfileViewModel.swift in Sources */,
				E14AB35C85A65F0E85EBBD68 /* ErrorStateView.swift in Sources */,
				71ABCCDA3D92687839B11506 /* FormDetailView.swift in Sources */,
				6AC1D3FAE126D76B239C5D48 /* FormFieldDefs.swift in Sources */,
				BB6D5DE39E2D2E8DD57930C2 /* FormFieldRow.swift in Sources */,
				CED3F9128F6B92DF5DA8B565 /* FormStepView.swift in Sources */,
				34BFB4E117CC6670CA688F73 /* FormSubmissionsListView.swift in Sources */,
				BDFEB77ACA79918920040484 /* FormulariosView.swift in Sources */,
				BE870E73E9E5B0DD60510DB7 /* GatedYouTubePlayerView.swift in Sources */,
				C144F3BA85753AE6A686AFD0 /* GlassBlurBackground.swift in Sources */,
				9B35B93C7F743C40EC9D2013 /* GlassCard.swift in Sources */,
				214CF4956D0B65E1AFA723F8 /* HomeView.swift in Sources */,
				81241EF8344367972B2409AF /* HomeViewModel.swift in Sources */,
				C81CB606C64CB0B6AA3D8743 /* KeychainService.swift in Sources */,
				E5E4F215F16D5A592885DDBD /* LifeGroupAnalyticsView.swift in Sources */,
				8D8430332E05F42EED9AD97A /* LifeGroupAnalyticsViewModel.swift in Sources */,
				36011969A58624733978F622 /* LifeGroupAttendanceEditorView.swift in Sources */,
				3A439216FAD2F3A2CF7AF768 /* LifeGroupAttendanceHistoryView.swift in Sources */,
				A6A324E081B9ECFCDDA55B20 /* LifeGroupAttendanceViewModels.swift in Sources */,
				65BD6B55FF25446AC29997D2 /* LifeGroupManageView.swift in Sources */,
				3D84D9AFE377A15FCE617E1F /* LifeGroupPickerSheet.swift in Sources */,
				A1DD2AC7CAB0A0304F69AA98 /* LifeGroupStudyDetailView.swift in Sources */,
				7299DFC19F36C6241FABA1C9 /* LifeGroupStudyEditorView.swift in Sources */,
				70DAD55A2FE80FA469085F75 /* LifeGroupStudyListView.swift in Sources */,
				AA41B490FC6E88A04E144BD3 /* LifeGroupStudyViewModels.swift in Sources */,
				841A418263A65AA0B6FDC65C /* LifeGroupsMapView.swift in Sources */,
				BD6852735FDBC471DA8AC835 /* LifeGroupsView.swift in Sources */,
				045500E917135CF9ED6D160E /* LoginView.swift in Sources */,
				2793855F821689FC2DFCA082 /* MainTabView.swift in Sources */,
				DA87CEF6CCA95AD6C572640F /* MarkdownBodyView.swift in Sources */,
				D801CBE1B82319E0DA01E3CF /* MemberJourneyView.swift in Sources */,
				1F3D35E5FF143FC6C08A16BC /* MinistriesView.swift in Sources */,
				9B9A6148AFFD0C8167085DD0 /* MinistryDetailView.swift in Sources */,
				A3BC32CA15C40B172DC54DF8 /* MinistryManageView.swift in Sources */,
				09EDC02009417BFD3B3FA3BC /* NotificationPrefsView.swift in Sources */,
				9531A2BAD6ADBC340F6DD4DD /* OnboardingCoordinator.swift in Sources */,
				8CED05A41A291F12C62B6836 /* OnboardingView.swift in Sources */,
				C7F4DED13EAFD33AA1F32FD2 /* PazBarChartView.swift in Sources */,
				095D13AF163EB2FBF81E44A4 /* PazCharts.swift in Sources */,
				DBED4836D8DD1B07E3FBB55E /* PazChurchApp.swift in Sources */,
				21F50B565FBD16CF5729BD56 /* PazColors.swift in Sources */,
				21E6A6FA6FF1C5D57AB1224E /* PazGoldBadge.swift in Sources */,
				96BF8A72553894BA74F6934B /* PazIconContainer.swift in Sources */,
				DD355395C1DDEC6848A616DE /* PazMaterial.swift in Sources */,
				79E078FB98E409C2ED6D2FFB /* PazMeshBackground.swift in Sources */,
				16FDB9DAAF18AC484D49A084 /* PazPillButtonStyle.swift in Sources */,
				8BBB7655494EE2891298CD78 /* PazPillChip.swift in Sources */,
				372C31E22C76E58FF5E8FB83 /* PazSpacing.swift in Sources */,
				BBAB718D008BF385951D549E /* PazStatCard.swift in Sources */,
				14045D80B33A84CAE8070AC7 /* PazTypography.swift in Sources */,
				33943BF3AA2F4343BF694389 /* ProfileView.swift in Sources */,
				133044023D8AFC650E9E9FAB /* ProfileViewModel.swift in Sources */,
				391121609552AED4FF2FC082 /* PushNotificationService.swift in Sources */,
				593CDA3798BC8A2C8A5A4BF8 /* QuestionnaireView.swift in Sources */,
				BD43CF5C610E8BD9C3A31889 /* QuestionnaireViewModel.swift in Sources */,
				217CFACC8706FD29156A10AA /* SearchView.swift in Sources */,
				3E295F7FDD74E8D83905B305 /* SectorPickerSheet.swift in Sources */,
				E1410C3996707FD9EE3B84C5 /* ShareSheet.swift in Sources */,
				8696DCD7837887595806B611 /* SkeletonView.swift in Sources */,
				AAAF2E1B88EE9F9B1FAA5BC7 /* SuccessStateView.swift in Sources */,
				C726B4A3686B02098E88F5CF /* UserPickerSheet.swift in Sources */,
				C757D390C5E4180A712A0B2B /* VideoPlayerView.swift in Sources */,
			);
			runOnlyForDeploymentPostprocessing = 0;
		};
/* End PBXSourcesBuildPhase section */

/* Begin XCBuildConfiguration section */
		2121C49933951910A794F6EF /* Release */ = {
			isa = XCBuildConfiguration;
			buildSettings = {
				ALWAYS_SEARCH_USER_PATHS = NO;
				CLANG_ANALYZER_NONNULL = YES;
				CLANG_ANALYZER_NUMBER_OBJECT_CONVERSION = YES_AGGRESSIVE;
				CLANG_CXX_LANGUAGE_STANDARD = "gnu++14";
				CLANG_CXX_LIBRARY = "libc++";
				CLANG_ENABLE_MODULES = YES;
				CLANG_ENABLE_OBJC_ARC = YES;
				CLANG_ENABLE_OBJC_WEAK = YES;
				CLANG_WARN_BLOCK_CAPTURE_AUTORELEASING = YES;
				CLANG_WARN_BOOL_CONVERSION = YES;
				CLANG_WARN_COMMA = YES;
				CLANG_WARN_CONSTANT_CONVERSION = YES;
				CLANG_WARN_DEPRECATED_OBJC_IMPLEMENTATIONS = YES;
				CLANG_WARN_DIRECT_OBJC_ISA_USAGE = YES_ERROR;
				CLANG_WARN_DOCUMENTATION_COMMENTS = YES;
				CLANG_WARN_EMPTY_BODY = YES;
				CLANG_WARN_ENUM_CONVERSION = YES;
				CLANG_WARN_INFINITE_RECURSION = YES;
				CLANG_WARN_INT_CONVERSION = YES;
				CLANG_WARN_NON_LITERAL_NULL_CONVERSION = YES;
				CLANG_WARN_OBJC_IMPLICIT_RETAIN_SELF = YES;
				CLANG_WARN_OBJC_LITERAL_CONVERSION = YES;
				CLANG_WARN_OBJC_ROOT_CLASS = YES_ERROR;
				CLANG_WARN_QUOTED_INCLUDE_IN_FRAMEWORK_HEADER = YES;
				CLANG_WARN_RANGE_LOOP_ANALYSIS = YES;
				CLANG_WARN_STRICT_PROTOTYPES = YES;
				CLANG_WARN_SUSPICIOUS_MOVE = YES;
				CLANG_WARN_UNGUARDED_AVAILABILITY = YES_AGGRESSIVE;
				CLANG_WARN_UNREACHABLE_CODE = YES;
				CLANG_WARN__DUPLICATE_METHOD_MATCH = YES;
				CODE_SIGN_STYLE = Automatic;
				COPY_PHASE_STRIP = NO;
				DEBUG_INFORMATION_FORMAT = "dwarf-with-dsym";
				DEVELOPMENT_TEAM = "";
				ENABLE_NS_ASSERTIONS = NO;
				ENABLE_STRICT_OBJC_MSGSEND = YES;
				ENABLE_USER_SCRIPT_SANDBOXING = NO;
				"EXCLUDED_ARCHS[sdk=iphonesimulator*]" = x86_64;
				GCC_C_LANGUAGE_STANDARD = gnu11;
				GCC_NO_COMMON_BLOCKS = YES;
				GCC_WARN_64_TO_32_BIT_CONVERSION = YES;
				GCC_WARN_ABOUT_RETURN_TYPE = YES_ERROR;
				GCC_WARN_UNDECLARED_SELECTOR = YES;
				GCC_WARN_UNINITIALIZED_AUTOS = YES_AGGRESSIVE;
				GCC_WARN_UNUSED_FUNCTION = YES;
				GCC_WARN_UNUSED_VARIABLE = YES;
				IPHONEOS_DEPLOYMENT_TARGET = 26.0;
				MTL_ENABLE_DEBUG_INFO = NO;
				MTL_FAST_MATH = YES;
				PRODUCT_NAME = "$(TARGET_NAME)";
				SDKROOT = iphoneos;
				SWIFT_COMPILATION_MODE = wholemodule;
				SWIFT_OPTIMIZATION_LEVEL = "-O";
				SWIFT_VERSION = 5.9;
				TARGETED_DEVICE_FAMILY = "1,2";
			};
			name = Release;
		};
		27CFDCB1063057C5DF1E2494 /* Debug */ = {
			isa = XCBuildConfiguration;
			buildSettings = {
				ASSETCATALOG_COMPILER_APPICON_NAME = AppIcon;
				CODE_SIGN_ENTITLEMENTS = PazChurch/PazChurch.entitlements;
				CODE_SIGN_IDENTITY = "iPhone Developer";
				DEVELOPMENT_TEAM = NMCA95DPCN;
				FRAMEWORK_SEARCH_PATHS = (
					"$(inherited)",
					"\"../shared/build/XCFrameworks/debug\"",
				);
				GOOGLE_REVERSED_CLIENT_ID = "com.googleusercontent.apps.454955850434-hcge1g96aeh77ecesvrjk3ol35k23jl5";
				INFOPLIST_FILE = PazChurch/Info.plist;
				LD_RUNPATH_SEARCH_PATHS = (
					"$(inherited)",
					"@executable_path/Frameworks",
				);
				PRODUCT_BUNDLE_IDENTIFIER = com.cwb.pazchurch.app.dev;
				SDKROOT = iphoneos;
				TARGETED_DEVICE_FAMILY = "1,2";
			};
			name = Debug;
		};
		980A46BA3727C96D632E557F /* Release */ = {
			isa = XCBuildConfiguration;
			buildSettings = {
				ASSETCATALOG_COMPILER_APPICON_NAME = AppIcon;
				CODE_SIGN_ENTITLEMENTS = "PazChurch/PazChurch-Release.entitlements";
				CODE_SIGN_IDENTITY = "iPhone Distribution";
				"CODE_SIGN_IDENTITY[sdk=iphoneos*]" = "iPhone Distribution";
				CODE_SIGN_STYLE = Manual;
				DEVELOPMENT_TEAM = NMCA95DPCN;
				FRAMEWORK_SEARCH_PATHS = (
					"$(inherited)",
					"\"../shared/build/XCFrameworks/debug\"",
				);
				GOOGLE_REVERSED_CLIENT_ID = "com.googleusercontent.apps.139667803306-vbo7nbgufjpr464k2ko91gnbvodjo9v7";
				INFOPLIST_FILE = PazChurch/Info.plist;
				LD_RUNPATH_SEARCH_PATHS = (
					"$(inherited)",
					"@executable_path/Frameworks",
				);
				PRODUCT_BUNDLE_IDENTIFIER = com.cwb.pazchurch.app;
				PROVISIONING_PROFILE_SPECIFIER = "PazChurch AppStore Distribution";
				SDKROOT = iphoneos;
				TARGETED_DEVICE_FAMILY = "1,2";
			};
			name = Release;
		};
		C0533FA2E167B4414C180C9B /* Debug */ = {
			isa = XCBuildConfiguration;
			buildSettings = {
				ALWAYS_SEARCH_USER_PATHS = NO;
				CLANG_ANALYZER_NONNULL = YES;
				CLANG_ANALYZER_NUMBER_OBJECT_CONVERSION = YES_AGGRESSIVE;
				CLANG_CXX_LANGUAGE_STANDARD = "gnu++14";
				CLANG_CXX_LIBRARY = "libc++";
				CLANG_ENABLE_MODULES = YES;
				CLANG_ENABLE_OBJC_ARC = YES;
				CLANG_ENABLE_OBJC_WEAK = YES;
				CLANG_WARN_BLOCK_CAPTURE_AUTORELEASING = YES;
				CLANG_WARN_BOOL_CONVERSION = YES;
				CLANG_WARN_COMMA = YES;
				CLANG_WARN_CONSTANT_CONVERSION = YES;
				CLANG_WARN_DEPRECATED_OBJC_IMPLEMENTATIONS = YES;
				CLANG_WARN_DIRECT_OBJC_ISA_USAGE = YES_ERROR;
				CLANG_WARN_DOCUMENTATION_COMMENTS = YES;
				CLANG_WARN_EMPTY_BODY = YES;
				CLANG_WARN_ENUM_CONVERSION = YES;
				CLANG_WARN_INFINITE_RECURSION = YES;
				CLANG_WARN_INT_CONVERSION = YES;
				CLANG_WARN_NON_LITERAL_NULL_CONVERSION = YES;
				CLANG_WARN_OBJC_IMPLICIT_RETAIN_SELF = YES;
				CLANG_WARN_OBJC_LITERAL_CONVERSION = YES;
				CLANG_WARN_OBJC_ROOT_CLASS = YES_ERROR;
				CLANG_WARN_QUOTED_INCLUDE_IN_FRAMEWORK_HEADER = YES;
				CLANG_WARN_RANGE_LOOP_ANALYSIS = YES;
				CLANG_WARN_STRICT_PROTOTYPES = YES;
				CLANG_WARN_SUSPICIOUS_MOVE = YES;
				CLANG_WARN_UNGUARDED_AVAILABILITY = YES_AGGRESSIVE;
				CLANG_WARN_UNREACHABLE_CODE = YES;
				CLANG_WARN__DUPLICATE_METHOD_MATCH = YES;
				CODE_SIGN_STYLE = Automatic;
				COPY_PHASE_STRIP = NO;
				DEBUG_INFORMATION_FORMAT = dwarf;
				DEVELOPMENT_TEAM = "";
				ENABLE_STRICT_OBJC_MSGSEND = YES;
				ENABLE_TESTABILITY = YES;
				ENABLE_USER_SCRIPT_SANDBOXING = NO;
				"EXCLUDED_ARCHS[sdk=iphonesimulator*]" = x86_64;
				GCC_C_LANGUAGE_STANDARD = gnu11;
				GCC_DYNAMIC_NO_PIC = NO;
				GCC_NO_COMMON_BLOCKS = YES;
				GCC_OPTIMIZATION_LEVEL = 0;
				GCC_PREPROCESSOR_DEFINITIONS = (
					"$(inherited)",
					"DEBUG=1",
				);
				GCC_WARN_64_TO_32_BIT_CONVERSION = YES;
				GCC_WARN_ABOUT_RETURN_TYPE = YES_ERROR;
				GCC_WARN_UNDECLARED_SELECTOR = YES;
				GCC_WARN_UNINITIALIZED_AUTOS = YES_AGGRESSIVE;
				GCC_WARN_UNUSED_FUNCTION = YES;
				GCC_WARN_UNUSED_VARIABLE = YES;
				IPHONEOS_DEPLOYMENT_TARGET = 26.0;
				MTL_ENABLE_DEBUG_INFO = INCLUDE_SOURCE;
				MTL_FAST_MATH = YES;
				ONLY_ACTIVE_ARCH = YES;
				PRODUCT_NAME = "$(TARGET_NAME)";
				SDKROOT = iphoneos;
				SWIFT_ACTIVE_COMPILATION_CONDITIONS = DEBUG;
				SWIFT_OPTIMIZATION_LEVEL = "-Onone";
				SWIFT_VERSION = 5.9;
				TARGETED_DEVICE_FAMILY = "1,2";
			};
			name = Debug;
		};
/* End XCBuildConfiguration section */

/* Begin XCConfigurationList section */
		05835A55E63AE570B1F113BF /* Build configuration list for PBXProject "PazChurch" */ = {
			isa = XCConfigurationList;
			buildConfigurations = (
				C0533FA2E167B4414C180C9B /* Debug */,
				2121C49933951910A794F6EF /* Release */,
			);
			defaultConfigurationIsVisible = 0;
			defaultConfigurationName = Debug;
		};
		3A66BAF3DCC455810F578938 /* Build configuration list for PBXNativeTarget "PazChurch" */ = {
			isa = XCConfigurationList;
			buildConfigurations = (
				27CFDCB1063057C5DF1E2494 /* Debug */,
				980A46BA3727C96D632E557F /* Release */,
			);
			defaultConfigurationIsVisible = 0;
			defaultConfigurationName = Debug;
		};
/* End XCConfigurationList section */

/* Begin XCRemoteSwiftPackageReference section */
		1FE66062384A01E6B73D3198 /* XCRemoteSwiftPackageReference "firebase-ios-sdk" */ = {
			isa = XCRemoteSwiftPackageReference;
			repositoryURL = "https://github.com/firebase/firebase-ios-sdk";
			requirement = {
				kind = upToNextMajorVersion;
				minimumVersion = 10.0.0;
			};
		};
		4BF6352E4A89663882C292AC /* XCRemoteSwiftPackageReference "GoogleSignIn-iOS" */ = {
			isa = XCRemoteSwiftPackageReference;
			repositoryURL = "https://github.com/google/GoogleSignIn-iOS";
			requirement = {
				kind = upToNextMajorVersion;
				minimumVersion = 7.0.0;
			};
		};
		96EB51DB675FF756632E0F01 /* XCRemoteSwiftPackageReference "Kingfisher" */ = {
			isa = XCRemoteSwiftPackageReference;
			repositoryURL = "https://github.com/onevcat/Kingfisher.git";
			requirement = {
				kind = upToNextMajorVersion;
				minimumVersion = 8.0.0;
			};
		};
/* End XCRemoteSwiftPackageReference section */

/* Begin XCSwiftPackageProductDependency section */
		14D3154CD353A1E73ECC271B /* Kingfisher */ = {
			isa = XCSwiftPackageProductDependency;
			package = 96EB51DB675FF756632E0F01 /* XCRemoteSwiftPackageReference "Kingfisher" */;
			productName = Kingfisher;
		};
		2D74D60AD3C0597184B72C20 /* GoogleSignIn */ = {
			isa = XCSwiftPackageProductDependency;
			package = 4BF6352E4A89663882C292AC /* XCRemoteSwiftPackageReference "GoogleSignIn-iOS" */;
			productName = GoogleSignIn;
		};
		62F32151BE1564943B93F90E /* FirebaseStorage */ = {
			isa = XCSwiftPackageProductDependency;
			package = 1FE66062384A01E6B73D3198 /* XCRemoteSwiftPackageReference "firebase-ios-sdk" */;
			productName = FirebaseStorage;
		};
		D4D3763343A64715B4360CF2 /* FirebaseMessaging */ = {
			isa = XCSwiftPackageProductDependency;
			package = 1FE66062384A01E6B73D3198 /* XCRemoteSwiftPackageReference "firebase-ios-sdk" */;
			productName = FirebaseMessaging;
		};
		F04B442417CCD3B5A58BC0DF /* FirebaseAuth */ = {
			isa = XCSwiftPackageProductDependency;
			package = 1FE66062384A01E6B73D3198 /* XCRemoteSwiftPackageReference "firebase-ios-sdk" */;
			productName = FirebaseAuth;
		};
/* End XCSwiftPackageProductDependency section */
	};
	rootObject = BF7B52D93DA3C4D2D43D125E /* Project object */;
}
